// !$*UTF8*$!
{
	archiveVersion = 1;
	classes = {
	};
	objectVersion = 46;
	objects = {

/* Begin PBXBuildFile section */
		E3EBA1901811324800C3C8B5 /* Foundation.framework in Frameworks */ = {isa = PBXBuildFile; fileRef = E3EBA18F1811324800C3C8B5 /* Foundation.framework */; };
		E3EBA1921811324800C3C8B5 /* CoreGraphics.framework in Frameworks */ = {isa = PBXBuildFile; fileRef = E3EBA1911811324800C3C8B5 /* CoreGraphics.framework */; };
		E3EBA1941811324800C3C8B5 /* UIKit.framework in Frameworks */ = {isa = PBXBuildFile; fileRef = E3EBA1931811324800C3C8B5 /* UIKit.framework */; };
		E3EBA19A1811324800C3C8B5 /* InfoPlist.strings in Resources */ = {isa = PBXBuildFile; fileRef = E3EBA1981811324800C3C8B5 /* InfoPlist.strings */; };
		E3EBA19C1811324800C3C8B5 /* main.m in Sources */ = {isa = PBXBuildFile; fileRef = E3EBA19B1811324800C3C8B5 /* main.m */; };
		E3EBA1A01811324800C3C8B5 /* AppDelegate.m in Sources */ = {isa = PBXBuildFile; fileRef = E3EBA19F1811324800C3C8B5 /* AppDelegate.m */; };
		E3EBA1A31811324800C3C8B5 /* Main_iPhone.storyboard in Resources */ = {isa = PBXBuildFile; fileRef = E3EBA1A11811324800C3C8B5 /* Main_iPhone.storyboard */; };
		E3EBA1A61811324800C3C8B5 /* Main_iPad.storyboard in Resources */ = {isa = PBXBuildFile; fileRef = E3EBA1A41811324800C3C8B5 /* Main_iPad.storyboard */; };
		E3EBA1A91811324800C3C8B5 /* ViewController.m in Sources */ = {isa = PBXBuildFile; fileRef = E3EBA1A81811324800C3C8B5 /* ViewController.m */; };
		E3EBA1AB1811324800C3C8B5 /* Images.xcassets in Resources */ = {isa = PBXBuildFile; fileRef = E3EBA1AA1811324800C3C8B5 /* Images.xcassets */; };
		E3EBA1B21811324800C3C8B5 /* XCTest.framework in Frameworks */ = {isa = PBXBuildFile; fileRef = E3EBA1B11811324800C3C8B5 /* XCTest.framework */; };
		E3EBA1B31811324800C3C8B5 /* Foundation.framework in Frameworks */ = {isa = PBXBuildFile; fileRef = E3EBA18F1811324800C3C8B5 /* Foundation.framework */; };
		E3EBA1B41811324800C3C8B5 /* UIKit.framework in Frameworks */ = {isa = PBXBuildFile; fileRef = E3EBA1931811324800C3C8B5 /* UIKit.framework */; };
		E3EBA1BC1811324800C3C8B5 /* InfoPlist.strings in Resources */ = {isa = PBXBuildFile; fileRef = E3EBA1BA1811324800C3C8B5 /* InfoPlist.strings */; };
		E3EBA1BE1811324800C3C8B5 /* songshuhuiAppTests.m in Sources */ = {isa = PBXBuildFile; fileRef = E3EBA1BD1811324800C3C8B5 /* songshuhuiAppTests.m */; };
		E3EBA1CE1811343D00C3C8B5 /* Globle.m in Sources */ = {isa = PBXBuildFile; fileRef = E3EBA1C91811343D00C3C8B5 /* Globle.m */; };
		E3EBA1CF1811343D00C3C8B5 /* red_background.png in Resources */ = {isa = PBXBuildFile; fileRef = E3EBA1CA1811343D00C3C8B5 /* red_background.png */; };
		E3EBA1D01811343D00C3C8B5 /* YGPSegmentedController.m in Sources */ = {isa = PBXBuildFile; fileRef = E3EBA1CD1811343D00C3C8B5 /* YGPSegmentedController.m */; };
		E3EBA1D418113CDA00C3C8B5 /* sshCollectXML.m in Sources */ = {isa = PBXBuildFile; fileRef = E3EBA1D318113CDA00C3C8B5 /* sshCollectXML.m */; };
		E3EBA1E918113CF000C3C8B5 /* AFHTTPClient.m in Sources */ = {isa = PBXBuildFile; fileRef = E3EBA1D718113CF000C3C8B5 /* AFHTTPClient.m */; };
		E3EBA1EA18113CF000C3C8B5 /* AFHTTPRequestOperation.m in Sources */ = {isa = PBXBuildFile; fileRef = E3EBA1D918113CF000C3C8B5 /* AFHTTPRequestOperation.m */; };
		E3EBA1EB18113CF000C3C8B5 /* AFImageRequestOperation.m in Sources */ = {isa = PBXBuildFile; fileRef = E3EBA1DB18113CF000C3C8B5 /* AFImageRequestOperation.m */; };
		E3EBA1EC18113CF000C3C8B5 /* AFJSONRequestOperation.m in Sources */ = {isa = PBXBuildFile; fileRef = E3EBA1DD18113CF000C3C8B5 /* AFJSONRequestOperation.m */; };
		E3EBA1ED18113CF000C3C8B5 /* AFNetworkActivityIndicatorManager.m in Sources */ = {isa = PBXBuildFile; fileRef = E3EBA1DF18113CF000C3C8B5 /* AFNetworkActivityIndicatorManager.m */; };
		E3EBA1EE18113CF000C3C8B5 /* AFPropertyListRequestOperation.m in Sources */ = {isa = PBXBuildFile; fileRef = E3EBA1E218113CF000C3C8B5 /* AFPropertyListRequestOperation.m */; };
		E3EBA1EF18113CF000C3C8B5 /* AFURLConnectionOperation.m in Sources */ = {isa = PBXBuildFile; fileRef = E3EBA1E418113CF000C3C8B5 /* AFURLConnectionOperation.m */; };
		E3EBA1F018113CF000C3C8B5 /* AFXMLRequestOperation.m in Sources */ = {isa = PBXBuildFile; fileRef = E3EBA1E618113CF000C3C8B5 /* AFXMLRequestOperation.m */; };
		E3EBA1F118113CF000C3C8B5 /* UIImageView+AFNetworking.m in Sources */ = {isa = PBXBuildFile; fileRef = E3EBA1E818113CF000C3C8B5 /* UIImageView+AFNetworking.m */; };
/* End PBXBuildFile section */

/* Begin PBXContainerItemProxy section */
		E3EBA1B51811324800C3C8B5 /* PBXContainerItemProxy */ = {
			isa = PBXContainerItemProxy;
			containerPortal = E3EBA1841811324800C3C8B5 /* Project object */;
			proxyType = 1;
			remoteGlobalIDString = E3EBA18B1811324800C3C8B5;
			remoteInfo = songshuhuiApp;
		};
/* End PBXContainerItemProxy section */

/* Begin PBXFileReference section */
		E3EBA18C1811324800C3C8B5 /* songshuhuiApp.app */ = {isa = PBXFileReference; explicitFileType = wrapper.application; includeInIndex = 0; path = songshuhuiApp.app; sourceTree = BUILT_PRODUCTS_DIR; };
		E3EBA18F1811324800C3C8B5 /* Foundation.framework */ = {isa = PBXFileReference; lastKnownFileType = wrapper.framework; name = Foundation.framework; path = System/Library/Frameworks/Foundation.framework; sourceTree = SDKROOT; };
		E3EBA1911811324800C3C8B5 /* CoreGraphics.framework */ = {isa = PBXFileReference; lastKnownFileType = wrapper.framework; name = CoreGraphics.framework; path = System/Library/Frameworks/CoreGraphics.framework; sourceTree = SDKROOT; };
		E3EBA1931811324800C3C8B5 /* UIKit.framework */ = {isa = PBXFileReference; lastKnownFileType = wrapper.framework; name = UIKit.framework; path = System/Library/Frameworks/UIKit.framework; sourceTree = SDKROOT; };
		E3EBA1971811324800C3C8B5 /* songshuhuiApp-Info.plist */ = {isa = PBXFileReference; lastKnownFileType = text.plist.xml; path = "songshuhuiApp-Info.plist"; sourceTree = "<group>"; };
		E3EBA1991811324800C3C8B5 /* en */ = {isa = PBXFileReference; lastKnownFileType = text.plist.strings; name = en; path = en.lproj/InfoPlist.strings; sourceTree = "<group>"; };
		E3EBA19B1811324800C3C8B5 /* main.m */ = {isa = PBXFileReference; lastKnownFileType = sourcecode.c.objc; path = main.m; sourceTree = "<group>"; };
		E3EBA19D1811324800C3C8B5 /* songshuhuiApp-Prefix.pch */ = {isa = PBXFileReference; lastKnownFileType = sourcecode.c.h; path = "songshuhuiApp-Prefix.pch"; sourceTree = "<group>"; };
		E3EBA19E1811324800C3C8B5 /* AppDelegate.h */ = {isa = PBXFileReference; lastKnownFileType = sourcecode.c.h; path = AppDelegate.h; sourceTree = "<group>"; };
		E3EBA19F1811324800C3C8B5 /* AppDelegate.m */ = {isa = PBXFileReference; lastKnownFileType = sourcecode.c.objc; path = AppDelegate.m; sourceTree = "<group>"; };
		E3EBA1A21811324800C3C8B5 /* Base */ = {isa = PBXFileReference; lastKnownFileType = file.storyboard; name = Base; path = Base.lproj/Main_iPhone.storyboard; sourceTree = "<group>"; };
		E3EBA1A51811324800C3C8B5 /* Base */ = {isa = PBXFileReference; lastKnownFileType = file.storyboard; name = Base; path = Base.lproj/Main_iPad.storyboard; sourceTree = "<group>"; };
		E3EBA1A71811324800C3C8B5 /* ViewController.h */ = {isa = PBXFileReference; lastKnownFileType = sourcecode.c.h; path = ViewController.h; sourceTree = "<group>"; };
		E3EBA1A81811324800C3C8B5 /* ViewController.m */ = {isa = PBXFileReference; lastKnownFileType = sourcecode.c.objc; path = ViewController.m; sourceTree = "<group>"; };
		E3EBA1AA1811324800C3C8B5 /* Images.xcassets */ = {isa = PBXFileReference; lastKnownFileType = folder.assetcatalog; path = Images.xcassets; sourceTree = "<group>"; };
		E3EBA1B01811324800C3C8B5 /* songshuhuiAppTests.xctest */ = {isa = PBXFileReference; explicitFileType = wrapper.cfbundle; includeInIndex = 0; path = songshuhuiAppTests.xctest; sourceTree = BUILT_PRODUCTS_DIR; };
		E3EBA1B11811324800C3C8B5 /* XCTest.framework */ = {isa = PBXFileReference; lastKnownFileType = wrapper.framework; name = XCTest.framework; path = Library/Frameworks/XCTest.framework; sourceTree = DEVELOPER_DIR; };
		E3EBA1B91811324800C3C8B5 /* songshuhuiAppTests-Info.plist */ = {isa = PBXFileReference; lastKnownFileType = text.plist.xml; path = "songshuhuiAppTests-Info.plist"; sourceTree = "<group>"; };
		E3EBA1BB1811324800C3C8B5 /* en */ = {isa = PBXFileReference; lastKnownFileType = text.plist.strings; name = en; path = en.lproj/InfoPlist.strings; sourceTree = "<group>"; };
		E3EBA1BD1811324800C3C8B5 /* songshuhuiAppTests.m */ = {isa = PBXFileReference; lastKnownFileType = sourcecode.c.objc; path = songshuhuiAppTests.m; sourceTree = "<group>"; };
		E3EBA1C81811343D00C3C8B5 /* Globle.h */ = {isa = PBXFileReference; fileEncoding = 4; lastKnownFileType = sourcecode.c.h; path = Globle.h; sourceTree = "<group>"; };
		E3EBA1C91811343D00C3C8B5 /* Globle.m */ = {isa = PBXFileReference; fileEncoding = 4; lastKnownFileType = sourcecode.c.objc; path = Globle.m; sourceTree = "<group>"; };
		E3EBA1CA1811343D00C3C8B5 /* red_background.png */ = {isa = PBXFileReference; lastKnownFileType = image.png; path = red_background.png; sourceTree = "<group>"; };
		E3EBA1CB1811343D00C3C8B5 /* YGPConstKEY.h */ = {isa = PBXFileReference; fileEncoding = 4; lastKnownFileType = sourcecode.c.h; path = YGPConstKEY.h; sourceTree = "<group>"; };
		E3EBA1CC1811343D00C3C8B5 /* YGPSegmentedController.h */ = {isa = PBXFileReference; fileEncoding = 4; lastKnownFileType = sourcecode.c.h; path = YGPSegmentedController.h; sourceTree = "<group>"; };
		E3EBA1CD1811343D00C3C8B5 /* YGPSegmentedController.m */ = {isa = PBXFileReference; fileEncoding = 4; lastKnownFileType = sourcecode.c.objc; path = YGPSegmentedController.m; sourceTree = "<group>"; };
		E3EBA1D218113CDA00C3C8B5 /* sshCollectXML.h */ = {isa = PBXFileReference; fileEncoding = 4; lastKnownFileType = sourcecode.c.h; path = sshCollectXML.h; sourceTree = "<group>"; };
		E3EBA1D318113CDA00C3C8B5 /* sshCollectXML.m */ = {isa = PBXFileReference; fileEncoding = 4; lastKnownFileType = sourcecode.c.objc; path = sshCollectXML.m; sourceTree = "<group>"; };
		E3EBA1D618113CF000C3C8B5 /* AFHTTPClient.h */ = {isa = PBXFileReference; fileEncoding = 4; lastKnownFileType = sourcecode.c.h; path = AFHTTPClient.h; sourceTree = "<group>"; };
		E3EBA1D718113CF000C3C8B5 /* AFHTTPClient.m */ = {isa = PBXFileReference; fileEncoding = 4; lastKnownFileType = sourcecode.c.objc; path = AFHTTPClient.m; sourceTree = "<group>"; };
		E3EBA1D818113CF000C3C8B5 /* AFHTTPRequestOperation.h */ = {isa = PBXFileReference; fileEncoding = 4; lastKnownFileType = sourcecode.c.h; path = AFHTTPRequestOperation.h; sourceTree = "<group>"; };
		E3EBA1D918113CF000C3C8B5 /* AFHTTPRequestOperation.m */ = {isa = PBXFileReference; fileEncoding = 4; lastKnownFileType = sourcecode.c.objc; path = AFHTTPRequestOperation.m; sourceTree = "<group>"; };
		E3EBA1DA18113CF000C3C8B5 /* AFImageRequestOperation.h */ = {isa = PBXFileReference; fileEncoding = 4; lastKnownFileType = sourcecode.c.h; path = AFImageRequestOperation.h; sourceTree = "<group>"; };
		E3EBA1DB18113CF000C3C8B5 /* AFImageRequestOperation.m */ = {isa = PBXFileReference; fileEncoding = 4; lastKnownFileType = sourcecode.c.objc; path = AFImageRequestOperation.m; sourceTree = "<group>"; };
		E3EBA1DC18113CF000C3C8B5 /* AFJSONRequestOperation.h */ = {isa = PBXFileReference; fileEncoding = 4; lastKnownFileType = sourcecode.c.h; path = AFJSONRequestOperation.h; sourceTree = "<group>"; };
		E3EBA1DD18113CF000C3C8B5 /* AFJSONRequestOperation.m */ = {isa = PBXFileReference; fileEncoding = 4; lastKnownFileType = sourcecode.c.objc; path = AFJSONRequestOperation.m; sourceTree = "<group>"; };
		E3EBA1DE18113CF000C3C8B5 /* AFNetworkActivityIndicatorManager.h */ = {isa = PBXFileReference; fileEncoding = 4; lastKnownFileType = sourcecode.c.h; path = AFNetworkActivityIndicatorManager.h; sourceTree = "<group>"; };
		E3EBA1DF18113CF000C3C8B5 /* AFNetworkActivityIndicatorManager.m */ = {isa = PBXFileReference; fileEncoding = 4; lastKnownFileType = sourcecode.c.objc; path = AFNetworkActivityIndicatorManager.m; sourceTree = "<group>"; };
		E3EBA1E018113CF000C3C8B5 /* AFNetworking.h */ = {isa = PBXFileReference; fileEncoding = 4; lastKnownFileType = sourcecode.c.h; path = AFNetworking.h; sourceTree = "<group>"; };
		E3EBA1E118113CF000C3C8B5 /* AFPropertyListRequestOperation.h */ = {isa = PBXFileReference; fileEncoding = 4; lastKnownFileType = sourcecode.c.h; path = AFPropertyListRequestOperation.h; sourceTree = "<group>"; };
		E3EBA1E218113CF000C3C8B5 /* AFPropertyListRequestOperation.m */ = {isa = PBXFileReference; fileEncoding = 4; lastKnownFileType = sourcecode.c.objc; path = AFPropertyListRequestOperation.m; sourceTree = "<group>"; };
		E3EBA1E318113CF000C3C8B5 /* AFURLConnectionOperation.h */ = {isa = PBXFileReference; fileEncoding = 4; lastKnownFileType = sourcecode.c.h; path = AFURLConnectionOperation.h; sourceTree = "<group>"; };
		E3EBA1E418113CF000C3C8B5 /* AFURLConnectionOperation.m */ = {isa = PBXFileReference; fileEncoding = 4; lastKnownFileType = sourcecode.c.objc; path = AFURLConnectionOperation.m; sourceTree = "<group>"; };
		E3EBA1E518113CF000C3C8B5 /* AFXMLRequestOperation.h */ = {isa = PBXFileReference; fileEncoding = 4; lastKnownFileType = sourcecode.c.h; path = AFXMLRequestOperation.h; sourceTree = "<group>"; };
		E3EBA1E618113CF000C3C8B5 /* AFXMLRequestOperation.m */ = {isa = PBXFileReference; fileEncoding = 4; lastKnownFileType = sourcecode.c.objc; path = AFXMLRequestOperation.m; sourceTree = "<group>"; };
		E3EBA1E718113CF000C3C8B5 /* UIImageView+AFNetworking.h */ = {isa = PBXFileReference; fileEncoding = 4; lastKnownFileType = sourcecode.c.h; path = "UIImageView+AFNetworking.h"; sourceTree = "<group>"; };
		E3EBA1E818113CF000C3C8B5 /* UIImageView+AFNetworking.m */ = {isa = PBXFileReference; fileEncoding = 4; lastKnownFileType = sourcecode.c.objc; path = "UIImageView+AFNetworking.m"; sourceTree = "<group>"; };
/* End PBXFileReference section */

/* Begin PBXFrameworksBuildPhase section */
		E3EBA1891811324800C3C8B5 /* Frameworks */ = {
			isa = PBXFrameworksBuildPhase;
			buildActionMask = 2147483647;
			files = (
				E3EBA1921811324800C3C8B5 /* CoreGraphics.framework in Frameworks */,
				E3EBA1941811324800C3C8B5 /* UIKit.framework in Frameworks */,
				E3EBA1901811324800C3C8B5 /* Foundation.framework in Frameworks */,
			);
			runOnlyForDeploymentPostprocessing = 0;
		};
		E3EBA1AD1811324800C3C8B5 /* Frameworks */ = {
			isa = PBXFrameworksBuildPhase;
			buildActionMask = 2147483647;
			files = (
				E3EBA1B21811324800C3C8B5 /* XCTest.framework in Frameworks */,
				E3EBA1B41811324800C3C8B5 /* UIKit.framework in Frameworks */,
				E3EBA1B31811324800C3C8B5 /* Foundation.framework in Frameworks */,
			);
			runOnlyForDeploymentPostprocessing = 0;
		};
/* End PBXFrameworksBuildPhase section */

/* Begin PBXGroup section */
		E3EBA1831811324800C3C8B5 = {
			isa = PBXGroup;
			children = (
				E3EBA1951811324800C3C8B5 /* songshuhuiApp */,
				E3EBA1B71811324800C3C8B5 /* songshuhuiAppTests */,
				E3EBA18E1811324800C3C8B5 /* Frameworks */,
				E3EBA18D1811324800C3C8B5 /* Products */,
			);
			sourceTree = "<group>";
		};
		E3EBA18D1811324800C3C8B5 /* Products */ = {
			isa = PBXGroup;
			children = (
				E3EBA18C1811324800C3C8B5 /* songshuhuiApp.app */,
				E3EBA1B01811324800C3C8B5 /* songshuhuiAppTests.xctest */,
			);
			name = Products;
			sourceTree = "<group>";
		};
		E3EBA18E1811324800C3C8B5 /* Frameworks */ = {
			isa = PBXGroup;
			children = (
				E3EBA18F1811324800C3C8B5 /* Foundation.framework */,
				E3EBA1911811324800C3C8B5 /* CoreGraphics.framework */,
				E3EBA1931811324800C3C8B5 /* UIKit.framework */,
				E3EBA1B11811324800C3C8B5 /* XCTest.framework */,
			);
			name = Frameworks;
			sourceTree = "<group>";
		};
		E3EBA1951811324800C3C8B5 /* songshuhuiApp */ = {
			isa = PBXGroup;
			children = (
				E3EBA1D518113CF000C3C8B5 /* AFNetworking */,
				E3EBA1D118113CA300C3C8B5 /* songshuhuiLib */,
				E3EBA1C71811343D00C3C8B5 /* YGPSemgmented */,
				E3EBA19E1811324800C3C8B5 /* AppDelegate.h */,
				E3EBA19F1811324800C3C8B5 /* AppDelegate.m */,
				E3EBA1A11811324800C3C8B5 /* Main_iPhone.storyboard */,
				E3EBA1A41811324800C3C8B5 /* Main_iPad.storyboard */,
				E3EBA1A71811324800C3C8B5 /* ViewController.h */,
				E3EBA1A81811324800C3C8B5 /* ViewController.m */,
				E3EBA1AA1811324800C3C8B5 /* Images.xcassets */,
				E3EBA1961811324800C3C8B5 /* Supporting Files */,
			);
			path = songshuhuiApp;
			sourceTree = "<group>";
		};
		E3EBA1961811324800C3C8B5 /* Supporting Files */ = {
			isa = PBXGroup;
			children = (
				E3EBA1971811324800C3C8B5 /* songshuhuiApp-Info.plist */,
				E3EBA1981811324800C3C8B5 /* InfoPlist.strings */,
				E3EBA19B1811324800C3C8B5 /* main.m */,
				E3EBA19D1811324800C3C8B5 /* songshuhuiApp-Prefix.pch */,
			);
			name = "Supporting Files";
			sourceTree = "<group>";
		};
		E3EBA1B71811324800C3C8B5 /* songshuhuiAppTests */ = {
			isa = PBXGroup;
			children = (
				E3EBA1BD1811324800C3C8B5 /* songshuhuiAppTests.m */,
				E3EBA1B81811324800C3C8B5 /* Supporting Files */,
			);
			path = songshuhuiAppTests;
			sourceTree = "<group>";
		};
		E3EBA1B81811324800C3C8B5 /* Supporting Files */ = {
			isa = PBXGroup;
			children = (
				E3EBA1B91811324800C3C8B5 /* songshuhuiAppTests-Info.plist */,
				E3EBA1BA1811324800C3C8B5 /* InfoPlist.strings */,
			);
			name = "Supporting Files";
			sourceTree = "<group>";
		};
		E3EBA1C71811343D00C3C8B5 /* YGPSemgmented */ = {
			isa = PBXGroup;
			children = (
				E3EBA1C81811343D00C3C8B5 /* Globle.h */,
				E3EBA1C91811343D00C3C8B5 /* Globle.m */,
				E3EBA1CA1811343D00C3C8B5 /* red_background.png */,
				E3EBA1CB1811343D00C3C8B5 /* YGPConstKEY.h */,
				E3EBA1CC1811343D00C3C8B5 /* YGPSegmentedController.h */,
				E3EBA1CD1811343D00C3C8B5 /* YGPSegmentedController.m */,
			);
			path = YGPSemgmented;
			sourceTree = "<group>";
		};
		E3EBA1D118113CA300C3C8B5 /* songshuhuiLib */ = {
			isa = PBXGroup;
			children = (
				E3EBA1D218113CDA00C3C8B5 /* sshCollectXML.h */,
				E3EBA1D318113CDA00C3C8B5 /* sshCollectXML.m */,
			);
			name = songshuhuiLib;
			sourceTree = "<group>";
		};
		E3EBA1D518113CF000C3C8B5 /* AFNetworking */ = {
			isa = PBXGroup;
			children = (
				E3EBA1D618113CF000C3C8B5 /* AFHTTPClient.h */,
				E3EBA1D718113CF000C3C8B5 /* AFHTTPClient.m */,
				E3EBA1D818113CF000C3C8B5 /* AFHTTPRequestOperation.h */,
				E3EBA1D918113CF000C3C8B5 /* AFHTTPRequestOperation.m */,
				E3EBA1DA18113CF000C3C8B5 /* AFImageRequestOperation.h */,
				E3EBA1DB18113CF000C3C8B5 /* AFImageRequestOperation.m */,
				E3EBA1DC18113CF000C3C8B5 /* AFJSONRequestOperation.h */,
				E3EBA1DD18113CF000C3C8B5 /* AFJSONRequestOperation.m */,
				E3EBA1DE18113CF000C3C8B5 /* AFNetworkActivityIndicatorManager.h */,
				E3EBA1DF18113CF000C3C8B5 /* AFNetworkActivityIndicatorManager.m */,
				E3EBA1E018113CF000C3C8B5 /* AFNetworking.h */,
				E3EBA1E118113CF000C3C8B5 /* AFPropertyListRequestOperation.h */,
				E3EBA1E218113CF000C3C8B5 /* AFPropertyListRequestOperation.m */,
				E3EBA1E318113CF000C3C8B5 /* AFURLConnectionOperation.h */,
				E3EBA1E418113CF000C3C8B5 /* AFURLConnectionOperation.m */,
				E3EBA1E518113CF000C3C8B5 /* AFXMLRequestOperation.h */,
				E3EBA1E618113CF000C3C8B5 /* AFXMLRequestOperation.m */,
				E3EBA1E718113CF000C3C8B5 /* UIImageView+AFNetworking.h */,
				E3EBA1E818113CF000C3C8B5 /* UIImageView+AFNetworking.m */,
			);
			path = AFNetworking;
			sourceTree = "<group>";
		};
/* End PBXGroup section */

/* Begin PBXNativeTarget section */
		E3EBA18B1811324800C3C8B5 /* songshuhuiApp */ = {
			isa = PBXNativeTarget;
			buildConfigurationList = E3EBA1C11811324800C3C8B5 /* Build configuration list for PBXNativeTarget "songshuhuiApp" */;
			buildPhases = (
				E3EBA1881811324800C3C8B5 /* Sources */,
				E3EBA1891811324800C3C8B5 /* Frameworks */,
				E3EBA18A1811324800C3C8B5 /* Resources */,
			);
			buildRules = (
			);
			dependencies = (
			);
			name = songshuhuiApp;
			productName = songshuhuiApp;
			productReference = E3EBA18C1811324800C3C8B5 /* songshuhuiApp.app */;
			productType = "com.apple.product-type.application";
		};
		E3EBA1AF1811324800C3C8B5 /* songshuhuiAppTests */ = {
			isa = PBXNativeTarget;
			buildConfigurationList = E3EBA1C41811324800C3C8B5 /* Build configuration list for PBXNativeTarget "songshuhuiAppTests" */;
			buildPhases = (
				E3EBA1AC1811324800C3C8B5 /* Sources */,
				E3EBA1AD1811324800C3C8B5 /* Frameworks */,
				E3EBA1AE1811324800C3C8B5 /* Resources */,
			);
			buildRules = (
			);
			dependencies = (
				E3EBA1B61811324800C3C8B5 /* PBXTargetDependency */,
			);
			name = songshuhuiAppTests;
			productName = songshuhuiAppTests;
			productReference = E3EBA1B01811324800C3C8B5 /* songshuhuiAppTests.xctest */;
			productType = "com.apple.product-type.bundle.unit-test";
		};
/* End PBXNativeTarget section */

/* Begin PBXProject section */
		E3EBA1841811324800C3C8B5 /* Project object */ = {
			isa = PBXProject;
			attributes = {
				LastUpgradeCheck = 0500;
				ORGANIZATIONNAME = "wu yinghao";
				TargetAttributes = {
					E3EBA1AF1811324800C3C8B5 = {
						TestTargetID = E3EBA18B1811324800C3C8B5;
					};
				};
			};
			buildConfigurationList = E3EBA1871811324800C3C8B5 /* Build configuration list for PBXProject "songshuhuiApp" */;
			compatibilityVersion = "Xcode 3.2";
			developmentRegion = English;
			hasScannedForEncodings = 0;
			knownRegions = (
				en,
				Base,
			);
			mainGroup = E3EBA1831811324800C3C8B5;
			productRefGroup = E3EBA18D1811324800C3C8B5 /* Products */;
			projectDirPath = "";
			projectRoot = "";
			targets = (
				E3EBA18B1811324800C3C8B5 /* songshuhuiApp */,
				E3EBA1AF1811324800C3C8B5 /* songshuhuiAppTests */,
			);
		};
/* End PBXProject section */

/* Begin PBXResourcesBuildPhase section */
		E3EBA18A1811324800C3C8B5 /* Resources */ = {
			isa = PBXResourcesBuildPhase;
			buildActionMask = 2147483647;
			files = (
				E3EBA1CF1811343D00C3C8B5 /* red_background.png in Resources */,
				E3EBA1A61811324800C3C8B5 /* Main_iPad.storyboard in Resources */,
				E3EBA1AB1811324800C3C8B5 /* Images.xcassets in Resources */,
				E3EBA1A31811324800C3C8B5 /* Main_iPhone.storyboard in Resources */,
				E3EBA19A1811324800C3C8B5 /* InfoPlist.strings in Resources */,
			);
			runOnlyForDeploymentPostprocessing = 0;
		};
		E3EBA1AE1811324800C3C8B5 /* Resources */ = {
			isa = PBXResourcesBuildPhase;
			buildActionMask = 2147483647;
			files = (
				E3EBA1BC1811324800C3C8B5 /* InfoPlist.strings in Resources */,
			);
			runOnlyForDeploymentPostprocessing = 0;
		};
/* End PBXResourcesBuildPhase section */

/* Begin PBXSourcesBuildPhase section */
		E3EBA1881811324800C3C8B5 /* Sources */ = {
			isa = PBXSourcesBuildPhase;
			buildActionMask = 2147483647;
			files = (
				E3EBA1EF18113CF000C3C8B5 /* AFURLConnectionOperation.m in Sources */,
				E3EBA1F118113CF000C3C8B5 /* UIImageView+AFNetworking.m in Sources */,
				E3EBA1CE1811343D00C3C8B5 /* Globle.m in Sources */,
				E3EBA1A91811324800C3C8B5 /* ViewController.m in Sources */,
				E3EBA1EE18113CF000C3C8B5 /* AFPropertyListRequestOperation.m in Sources */,
				E3EBA1A01811324800C3C8B5 /* AppDelegate.m in Sources */,
				E3EBA1D418113CDA00C3C8B5 /* sshCollectXML.m in Sources */,
				E3EBA1F018113CF000C3C8B5 /* AFXMLRequestOperation.m in Sources */,
				E3EBA1ED18113CF000C3C8B5 /* AFNetworkActivityIndicatorManager.m in Sources */,
				E3EBA1EA18113CF000C3C8B5 /* AFHTTPRequestOperation.m in Sources */,
				E3EBA1D01811343D00C3C8B5 /* YGPSegmentedController.m in Sources */,
				E3EBA1EB18113CF000C3C8B5 /* AFImageRequestOperation.m in Sources */,
				E3EBA1E918113CF000C3C8B5 /* AFHTTPClient.m in Sources */,
				E3EBA1EC18113CF000C3C8B5 /* AFJSONRequestOperation.m in Sources */,
				E3EBA19C1811324800C3C8B5 /* main.m in Sources */,
			);
			runOnlyForDeploymentPostprocessing = 0;
		};
		E3EBA1AC1811324800C3C8B5 /* Sources */ = {
			isa = PBXSourcesBuildPhase;
			buildActionMask = 2147483647;
			files = (
				E3EBA1BE1811324800C3C8B5 /* songshuhuiAppTests.m in Sources */,
			);
			runOnlyForDeploymentPostprocessing = 0;
		};
/* End PBXSourcesBuildPhase section */

/* Begin PBXTargetDependency section */
		E3EBA1B61811324800C3C8B5 /* PBXTargetDependency */ = {
			isa = PBXTargetDependency;
			target = E3EBA18B1811324800C3C8B5 /* songshuhuiApp */;
			targetProxy = E3EBA1B51811324800C3C8B5 /* PBXContainerItemProxy */;
		};
/* End PBXTargetDependency section */

/* Begin PBXVariantGroup section */
		E3EBA1981811324800C3C8B5 /* InfoPlist.strings */ = {
			isa = PBXVariantGroup;
			children = (
				E3EBA1991811324800C3C8B5 /* en */,
			);
			name = InfoPlist.strings;
			sourceTree = "<group>";
		};
		E3EBA1A11811324800C3C8B5 /* Main_iPhone.storyboard */ = {
			isa = PBXVariantGroup;
			children = (
				E3EBA1A21811324800C3C8B5 /* Base */,
			);
			name = Main_iPhone.storyboard;
			sourceTree = "<group>";
		};
		E3EBA1A41811324800C3C8B5 /* Main_iPad.storyboard */ = {
			isa = PBXVariantGroup;
			children = (
				E3EBA1A51811324800C3C8B5 /* Base */,
			);
			name = Main_iPad.storyboard;
			sourceTree = "<group>";
		};
		E3EBA1BA1811324800C3C8B5 /* InfoPlist.strings */ = {
			isa = PBXVariantGroup;
			children = (
				E3EBA1BB1811324800C3C8B5 /* en */,
			);
			name = InfoPlist.strings;
			sourceTree = "<group>";
		};
/* End PBXVariantGroup section */

/* Begin XCBuildConfiguration section */
		E3EBA1BF1811324800C3C8B5 /* Debug */ = {
			isa = XCBuildConfiguration;
			buildSettings = {
				ALWAYS_SEARCH_USER_PATHS = NO;
				ARCHS = "$(ARCHS_STANDARD_INCLUDING_64_BIT)";
				CLANG_CXX_LANGUAGE_STANDARD = "gnu++0x";
				CLANG_CXX_LIBRARY = "libc++";
				CLANG_ENABLE_MODULES = YES;
				CLANG_ENABLE_OBJC_ARC = YES;
				CLANG_WARN_BOOL_CONVERSION = YES;
				CLANG_WARN_CONSTANT_CONVERSION = YES;
				CLANG_WARN_DIRECT_OBJC_ISA_USAGE = YES_ERROR;
				CLANG_WARN_EMPTY_BODY = YES;
				CLANG_WARN_ENUM_CONVERSION = YES;
				CLANG_WARN_INT_CONVERSION = YES;
				CLANG_WARN_OBJC_ROOT_CLASS = YES_ERROR;
				CLANG_WARN__DUPLICATE_METHOD_MATCH = YES;
				"CODE_SIGN_IDENTITY[sdk=iphoneos*]" = "iPhone Developer";
				COPY_PHASE_STRIP = NO;
				GCC_C_LANGUAGE_STANDARD = gnu99;
				GCC_DYNAMIC_NO_PIC = NO;
				GCC_OPTIMIZATION_LEVEL = 0;
				GCC_PREPROCESSOR_DEFINITIONS = (
					"DEBUG=1",
					"$(inherited)",
				);
				GCC_SYMBOLS_PRIVATE_EXTERN = NO;
				GCC_WARN_64_TO_32_BIT_CONVERSION = YES;
				GCC_WARN_ABOUT_RETURN_TYPE = YES_ERROR;
				GCC_WARN_UNDECLARED_SELECTOR = YES;
				GCC_WARN_UNINITIALIZED_AUTOS = YES;
				GCC_WARN_UNUSED_FUNCTION = YES;
				GCC_WARN_UNUSED_VARIABLE = YES;
				IPHONEOS_DEPLOYMENT_TARGET = 7.0;
				ONLY_ACTIVE_ARCH = YES;
				SDKROOT = iphoneos;
				TARGETED_DEVICE_FAMILY = "1,2";
			};
			name = Debug;
		};
		E3EBA1C01811324800C3C8B5 /* Release */ = {
			isa = XCBuildConfiguration;
			buildSettings = {
				ALWAYS_SEARCH_USER_PATHS = NO;
				ARCHS = "$(ARCHS_STANDARD_INCLUDING_64_BIT)";
				CLANG_CXX_LANGUAGE_STANDARD = "gnu++0x";
				CLANG_CXX_LIBRARY = "libc++";
				CLANG_ENABLE_MODULES = YES;
				CLANG_ENABLE_OBJC_ARC = YES;
				CLANG_WARN_BOOL_CONVERSION = YES;
				CLANG_WARN_CONSTANT_CONVERSION = YES;
				CLANG_WARN_DIRECT_OBJC_ISA_USAGE = YES_ERROR;
				CLANG_WARN_EMPTY_BODY = YES;
				CLANG_WARN_ENUM_CONVERSION = YES;
				CLANG_WARN_INT_CONVERSION = YES;
				CLANG_WARN_OBJC_ROOT_CLASS = YES_ERROR;
				CLANG_WARN__DUPLICATE_METHOD_MATCH = YES;
				"CODE_SIGN_IDENTITY[sdk=iphoneos*]" = "iPhone Developer";
				COPY_PHASE_STRIP = YES;
				ENABLE_NS_ASSERTIONS = NO;
				GCC_C_LANGUAGE_STANDARD = gnu99;
				GCC_WARN_64_TO_32_BIT_CONVERSION = YES;
				GCC_WARN_ABOUT_RETURN_TYPE = YES_ERROR;
				GCC_WARN_UNDECLARED_SELECTOR = YES;
				GCC_WARN_UNINITIALIZED_AUTOS = YES;
				GCC_WARN_UNUSED_FUNCTION = YES;
				GCC_WARN_UNUSED_VARIABLE = YES;
				IPHONEOS_DEPLOYMENT_TARGET = 7.0;
				SDKROOT = iphoneos;
				TARGETED_DEVICE_FAMILY = "1,2";
				VALIDATE_PRODUCT = YES;
			};
			name = Release;
		};
		E3EBA1C21811324800C3C8B5 /* Debug */ = {
			isa = XCBuildConfiguration;
			buildSettings = {
				ASSETCATALOG_COMPILER_APPICON_NAME = AppIcon;
				ASSETCATALOG_COMPILER_LAUNCHIMAGE_NAME = LaunchImage;
				GCC_PRECOMPILE_PREFIX_HEADER = YES;
				GCC_PREFIX_HEADER = "songshuhuiApp/songshuhuiApp-Prefix.pch";
				INFOPLIST_FILE = "songshuhuiApp/songshuhuiApp-Info.plist";
				PRODUCT_NAME = "$(TARGET_NAME)";
				WRAPPER_EXTENSION = app;
			};
			name = Debug;
		};
		E3EBA1C31811324800C3C8B5 /* Release */ = {
			isa = XCBuildConfiguration;
			buildSettings = {
				ASSETCATALOG_COMPILER_APPICON_NAME = AppIcon;
				ASSETCATALOG_COMPILER_LAUNCHIMAGE_NAME = LaunchImage;
				GCC_PRECOMPILE_PREFIX_HEADER = YES;
				GCC_PREFIX_HEADER = "songshuhuiApp/songshuhuiApp-Prefix.pch";
				INFOPLIST_FILE = "songshuhuiApp/songshuhuiApp-Info.plist";
				PRODUCT_NAME = "$(TARGET_NAME)";
				WRAPPER_EXTENSION = app;
			};
			name = Release;
		};
		E3EBA1C51811324800C3C8B5 /* Debug */ = {
			isa = XCBuildConfiguration;
			buildSettings = {
				ARCHS = "$(ARCHS_STANDARD_INCLUDING_64_BIT)";
				BUNDLE_LOADER = "$(BUILT_PRODUCTS_DIR)/songshuhuiApp.app/songshuhuiApp";
				FRAMEWORK_SEARCH_PATHS = (
					"$(SDKROOT)/Developer/Library/Frameworks",
					"$(inherited)",
					"$(DEVELOPER_FRAMEWORKS_DIR)",
				);
				GCC_PRECOMPILE_PREFIX_HEADER = YES;
				GCC_PREFIX_HEADER = "songshuhuiApp/songshuhuiApp-Prefix.pch";
				GCC_PREPROCESSOR_DEFINITIONS = (
					"DEBUG=1",
					"$(inherited)",
				);
				INFOPLIST_FILE = "songshuhuiAppTests/songshuhuiAppTests-Info.plist";
				PRODUCT_NAME = "$(TARGET_NAME)";
				TEST_HOST = "$(BUNDLE_LOADER)";
				WRAPPER_EXTENSION = xctest;
			};
			name = Debug;
		};
		E3EBA1C61811324800C3C8B5 /* Release */ = {
			isa = XCBuildConfiguration;
			buildSettings = {
				ARCHS = "$(ARCHS_STANDARD_INCLUDING_64_BIT)";
				BUNDLE_LOADER = "$(BUILT_PRODUCTS_DIR)/songshuhuiApp.app/songshuhuiApp";
				FRAMEWORK_SEARCH_PATHS = (
					"$(SDKROOT)/Developer/Library/Frameworks",
					"$(inherited)",
					"$(DEVELOPER_FRAMEWORKS_DIR)",
				);
				GCC_PRECOMPILE_PREFIX_HEADER = YES;
				GCC_PREFIX_HEADER = "songshuhuiApp/songshuhuiApp-Prefix.pch";
				INFOPLIST_FILE = "songshuhuiAppTests/songshuhuiAppTests-Info.plist";
				PRODUCT_NAME = "$(TARGET_NAME)";
				TEST_HOST = "$(BUNDLE_LOADER)";
				WRAPPER_EXTENSION = xctest;
			};
			name = Release;
		};
/* End XCBuildConfiguration section */

/* Begin XCConfigurationList section */
		E3EBA1871811324800C3C8B5 /* Build configuration list for PBXProject "songshuhuiApp" */ = {
			isa = XCConfigurationList;
			buildConfigurations = (
				E3EBA1BF1811324800C3C8B5 /* Debug */,
				E3EBA1C01811324800C3C8B5 /* Release */,
			);
			defaultConfigurationIsVisible = 0;
			defaultConfigurationName = Release;
		};
		E3EBA1C11811324800C3C8B5 /* Build configuration list for PBXNativeTarget "songshuhuiApp" */ = {
			isa = XCConfigurationList;
			buildConfigurations = (
				E3EBA1C21811324800C3C8B5 /* Debug */,
				E3EBA1C31811324800C3C8B5 /* Release */,
			);
			defaultConfigurationIsVisible = 0;
		};
		E3EBA1C41811324800C3C8B5 /* Build configuration list for PBXNativeTarget "songshuhuiAppTests" */ = {
			isa = XCConfigurationList;
			buildConfigurations = (
				E3EBA1C51811324800C3C8B5 /* Debug */,
				E3EBA1C61811324800C3C8B5 /* Release */,
			);
			defaultConfigurationIsVisible = 0;
		};
/* End XCConfigurationList section */
	};
	rootObject = E3EBA1841811324800C3C8B5 /* Project object */;
}
